
Microsoft Visual Studio Solution File, Format Version 12.00
# Visual Studio 2013
VisualStudioVersion = 12.0.21005.1
MinimumVisualStudioVersion = 10.0.40219.1
Project("{FAE04EC0-301F-11D3-BF4B-00C04F79EFBC}") = "GameServer", "GameServer\GameServer.csproj", "{D4FE0EF5-D134-49D4-A86C-9FC1DBCB5FC8}"
EndProject
Project("{FAE04EC0-301F-11D3-BF4B-00C04F79EFBC}") = "GameClient", "GameClient\GameClient.csproj", "{8383C860-0289-4FD2-BF5B-1F1A50713606}"
EndProject
Project("{FAE04EC0-301F-11D3-BF4B-00C04F79EFBC}") = "CommonLibrary", "CommonLibrary\CommonLibrary.csproj", "{15B8DB66-A4FD-4BD0-851E-4B1F8804BFB0}"
EndProject
Global
	GlobalSection(SolutionConfigurationPlatforms) = preSolution
		Debug|Any CPU = Debug|Any CPU
		Release|Any CPU = Release|Any CPU
	EndGlobalSection
	GlobalSection(ProjectConfigurationPlatforms) = postSolution
		{D4FE0EF5-D134-49D4-A86C-9FC1DBCB5FC8}.Debug|Any CPU.ActiveCfg = Debug|Any CPU
		{D4FE0EF5-D134-49D4-A86C-9FC1DBCB5FC8}.Debug|Any CPU.Build.0 = Debug|Any CPU
		{D4FE0EF5-D134-49D4-A86C-9FC1DBCB5FC8}.Release|Any CPU.ActiveCfg = Release|Any CPU
		{D4FE0EF5-D134-49D4-A86C-9FC1DBCB5FC8}.Release|Any CPU.Build.0 = Release|Any CPU
		{8383C860-0289-4FD2-BF5B-1F1A50713606}.Debug|Any CPU.ActiveCfg = Debug|Any CPU
		{8383C860-0289-4FD2-BF5B-1F1A50713606}.Debug|Any CPU.Build.0 = Debug|Any CPU
		{8383C860-0289-4FD2-BF5B-1F1A50713606}.Release|Any CPU.ActiveCfg = Release|Any CPU
		{8383C860-0289-4FD2-BF5B-1F1A50713606}.Release|Any CPU.Build.0 = Release|Any CPU
		{15B8DB66-A4FD-4BD0-851E-4B1F8804BFB0}.Debug|Any CPU.ActiveCfg = Debug|Any CPU
		{15B8DB66-A4FD-4BD0-851E-4B1F8804BFB0}.Debug|Any CPU.Build.0 = Debug|Any CPU
		{15B8DB66-A4FD-4BD0-851E-4B1F8804BFB0}.Release|Any CPU.ActiveCfg = Release|Any CPU
		{15B8DB66-A4FD-4BD0-851E-4B1F8804BFB0}.Release|Any CPU.Build.0 = Release|Any CPU
	EndGlobalSection
	GlobalSection(SolutionProperties) = preSolution
		HideSolutionNode = FALSE
	EndGlobalSection
EndGlobal
